
Microsoft Visual Studio Solution File, Format Version 12.00
# Visual Studio Version 17
VisualStudioVersion = 17.9.34701.34
MinimumVisualStudioVersion = 10.0.40219.1
Project("{9A19103F-16F7-4668-BE54-9A1E7A4F7556}") = "DiscordMergeRoomBotCsharpEdition", "src\DiscordMergeRoomBotCsharpEdition\DiscordMergeRoomBotCsharpEdition.csproj", "{3A8431E0-8B70-4DFA-AFC1-82E74F7FA791}"
EndProject
Project("{2150E333-8FDC-42A3-9474-1A3956D46DE8}") = "tests", "tests", "{15685CF3-EDEE-48DA-990A-6714EF8C30D9}"
EndProject
Project("{9A19103F-16F7-4668-BE54-9A1E7A4F7556}") = "IntegrationTests", "tests\IntegrationTests\IntegrationTests.csproj", "{40C84727-515A-48A8-9B7E-7965A6F03080}"
EndProject
Global
	GlobalSection(SolutionConfigurationPlatforms) = preSolution
		Debug|Any CPU = Debug|Any CPU
		Release|Any CPU = Release|Any CPU
	EndGlobalSection
	GlobalSection(ProjectConfigurationPlatforms) = postSolution
		{3A8431E0-8B70-4DFA-AFC1-82E74F7FA791}.Debug|Any CPU.ActiveCfg = Debug|Any CPU
		{3A8431E0-8B70-4DFA-AFC1-82E74F7FA791}.Debug|Any CPU.Build.0 = Debug|Any CPU
		{3A8431E0-8B70-4DFA-AFC1-82E74F7FA791}.Release|Any CPU.ActiveCfg = Release|Any CPU
		{3A8431E0-8B70-4DFA-AFC1-82E74F7FA791}.Release|Any CPU.Build.0 = Release|Any CPU
		{40C84727-515A-48A8-9B7E-7965A6F03080}.Debug|Any CPU.ActiveCfg = Debug|Any CPU
		{40C84727-515A-48A8-9B7E-7965A6F03080}.Debug|Any CPU.Build.0 = Debug|Any CPU
		{40C84727-515A-48A8-9B7E-7965A6F03080}.Release|Any CPU.ActiveCfg = Release|Any CPU
		{40C84727-515A-48A8-9B7E-7965A6F03080}.Release|Any CPU.Build.0 = Release|Any CPU
	EndGlobalSection
	GlobalSection(SolutionProperties) = preSolution
		HideSolutionNode = FALSE
	EndGlobalSection
	GlobalSection(NestedProjects) = preSolution
		{40C84727-515A-48A8-9B7E-7965A6F03080} = {15685CF3-EDEE-48DA-990A-6714EF8C30D9}
	EndGlobalSection
	GlobalSection(ExtensibilityGlobals) = postSolution
		SolutionGuid = {36A4E21C-4BA3-4714-B30F-67A9DF9F218B}
	EndGlobalSection
EndGlobal
